
Microsoft Visual Studio Solution File, Format Version 12.00
# Visual Studio Version 16
VisualStudioVersion = 16.0.32126.315
MinimumVisualStudioVersion = 10.0.40219.1
Project("{FAE04EC0-301F-11D3-BF4B-00C04F79EFBC}") = "SharpLib", "SharpLib\SharpLib.csproj", "{ABA98273-5850-4902-8A4B-9C1EDC0ECA4D}"
EndProject
Project("{FAE04EC0-301F-11D3-BF4B-00C04F79EFBC}") = "WebClient", "WebClient\WebClient.csproj", "{013BCC8C-56C6-4ACB-B6E5-A70D55A1F40D}"
EndProject
Global
	GlobalSection(SolutionConfigurationPlatforms) = preSolution
		Debug|Any CPU = Debug|Any CPU
		Release|Any CPU = Release|Any CPU
	EndGlobalSection
	GlobalSection(ProjectConfigurationPlatforms) = postSolution
		{ABA98273-5850-4902-8A4B-9C1EDC0ECA4D}.Debug|Any CPU.ActiveCfg = Debug|Any CPU
		{ABA98273-5850-4902-8A4B-9C1EDC0ECA4D}.Debug|Any CPU.Build.0 = Debug|Any CPU
		{ABA98273-5850-4902-8A4B-9C1EDC0ECA4D}.Release|Any CPU.ActiveCfg = Release|Any CPU
		{ABA98273-5850-4902-8A4B-9C1EDC0ECA4D}.Release|Any CPU.Build.0 = Release|Any CPU
		{013BCC8C-56C6-4ACB-B6E5-A70D55A1F40D}.Debug|Any CPU.ActiveCfg = Debug|Any CPU
		{013BCC8C-56C6-4ACB-B6E5-A70D55A1F40D}.Debug|Any CPU.Build.0 = Debug|Any CPU
		{013BCC8C-56C6-4ACB-B6E5-A70D55A1F40D}.Release|Any CPU.ActiveCfg = Release|Any CPU
		{013BCC8C-56C6-4ACB-B6E5-A70D55A1F40D}.Release|Any CPU.Build.0 = Release|Any CPU
	EndGlobalSection
	GlobalSection(SolutionProperties) = preSolution
		HideSolutionNode = FALSE
	EndGlobalSection
	GlobalSection(ExtensibilityGlobals) = postSolution
		SolutionGuid = {F201F64A-9683-4F70-ACB5-98EE62D26629}
	EndGlobalSection
EndGlobal
